
Microsoft Visual Studio Solution File, Format Version 12.00
# Visual Studio 2013
VisualStudioVersion = 12.0.40629.0
MinimumVisualStudioVersion = 10.0.40219.1
Project("{FAE04EC0-301F-11D3-BF4B-00C04F79EFBC}") = "HM.API", "HM.API\HM.API.csproj", "{24A9309E-016B-4CEC-AAB2-68FDFC166F50}"
EndProject
Project("{FAE04EC0-301F-11D3-BF4B-00C04F79EFBC}") = "HM.Client", "HM.Client\HM.Client.csproj", "{CC51EE85-C44A-4E4A-8C7F-F68D60326630}"
EndProject
Global
	GlobalSection(SolutionConfigurationPlatforms) = preSolution
		Debug|Any CPU = Debug|Any CPU
		Release|Any CPU = Release|Any CPU
	EndGlobalSection
	GlobalSection(ProjectConfigurationPlatforms) = postSolution
		{24A9309E-016B-4CEC-AAB2-68FDFC166F50}.Debug|Any CPU.ActiveCfg = Debug|Any CPU
		{24A9309E-016B-4CEC-AAB2-68FDFC166F50}.Debug|Any CPU.Build.0 = Debug|Any CPU
		{24A9309E-016B-4CEC-AAB2-68FDFC166F50}.Release|Any CPU.ActiveCfg = Release|Any CPU
		{24A9309E-016B-4CEC-AAB2-68FDFC166F50}.Release|Any CPU.Build.0 = Release|Any CPU
		{CC51EE85-C44A-4E4A-8C7F-F68D60326630}.Debug|Any CPU.ActiveCfg = Debug|Any CPU
		{CC51EE85-C44A-4E4A-8C7F-F68D60326630}.Debug|Any CPU.Build.0 = Debug|Any CPU
		{CC51EE85-C44A-4E4A-8C7F-F68D60326630}.Release|Any CPU.ActiveCfg = Release|Any CPU
		{CC51EE85-C44A-4E4A-8C7F-F68D60326630}.Release|Any CPU.Build.0 = Release|Any CPU
	EndGlobalSection
	GlobalSection(SolutionProperties) = preSolution
		HideSolutionNode = FALSE
	EndGlobalSection
EndGlobal
